
Microsoft Visual Studio Solution File, Format Version 12.00
# Visual Studio Version 17
VisualStudioVersion = 17.11.35312.102
MinimumVisualStudioVersion = 10.0.40219.1
Project("{FAE04EC0-301F-11D3-BF4B-00C04F79EFBC}") = "ProyectoFinal_ICI", "ProyectoFinal_ICI.csproj", "{263D03EF-EB5E-43BF-B1F8-1CFCCCD5FC26}"
EndProject
Global
	GlobalSection(SolutionConfigurationPlatforms) = preSolution
		Debug|Any CPU = Debug|Any CPU
		Release|Any CPU = Release|Any CPU
	EndGlobalSection
	GlobalSection(ProjectConfigurationPlatforms) = postSolution
		{263D03EF-EB5E-43BF-B1F8-1CFCCCD5FC26}.Debug|Any CPU.ActiveCfg = Debug|Any CPU
		{263D03EF-EB5E-43BF-B1F8-1CFCCCD5FC26}.Debug|Any CPU.Build.0 = Debug|Any CPU
		{263D03EF-EB5E-43BF-B1F8-1CFCCCD5FC26}.Release|Any CPU.ActiveCfg = Release|Any CPU
		{263D03EF-EB5E-43BF-B1F8-1CFCCCD5FC26}.Release|Any CPU.Build.0 = Release|Any CPU
	EndGlobalSection
	GlobalSection(SolutionProperties) = preSolution
		HideSolutionNode = FALSE
	EndGlobalSection
	GlobalSection(ExtensibilityGlobals) = postSolution
		SolutionGuid = {4B88AD65-BA43-4AE2-B243-B8EB0CA1E523}
	EndGlobalSection
EndGlobal
